
Microsoft Visual Studio Solution File, Format Version 12.00
# Visual Studio 15
VisualStudioVersion = 15.0.28307.329
MinimumVisualStudioVersion = 10.0.40219.1
Project("{FAE04EC0-301F-11D3-BF4B-00C04F79EFBC}") = "RenderObj", "RenderObj\RenderObj.csproj", "{3D05EF01-4800-45D6-AB76-BB1715A807EE}"
EndProject
Global
	GlobalSection(SolutionConfigurationPlatforms) = preSolution
		Debug|Any CPU = Debug|Any CPU
		Release|Any CPU = Release|Any CPU
	EndGlobalSection
	GlobalSection(ProjectConfigurationPlatforms) = postSolution
		{3D05EF01-4800-45D6-AB76-BB1715A807EE}.Debug|Any CPU.ActiveCfg = Debug|Any CPU
		{3D05EF01-4800-45D6-AB76-BB1715A807EE}.Debug|Any CPU.Build.0 = Debug|Any CPU
		{3D05EF01-4800-45D6-AB76-BB1715A807EE}.Release|Any CPU.ActiveCfg = Release|Any CPU
		{3D05EF01-4800-45D6-AB76-BB1715A807EE}.Release|Any CPU.Build.0 = Release|Any CPU
	EndGlobalSection
	GlobalSection(SolutionProperties) = preSolution
		HideSolutionNode = FALSE
	EndGlobalSection
	GlobalSection(ExtensibilityGlobals) = postSolution
		SolutionGuid = {88F0E2AF-1BFC-46C5-ADAB-6DCD46DCA2DA}
	EndGlobalSection
EndGlobal
